
Microsoft Visual Studio Solution File, Format Version 12.00
# Visual Studio Version 17
VisualStudioVersion = 17.11.35312.102
MinimumVisualStudioVersion = 10.0.40219.1
Project("{FAE04EC0-301F-11D3-BF4B-00C04F79EFBC}") = "Kth Element Performance Analysis", "Kth Element Performance Analysis.csproj", "{23158772-325C-4761-A136-25D6510C7181}"
EndProject
Global
	GlobalSection(SolutionConfigurationPlatforms) = preSolution
		Debug|Any CPU = Debug|Any CPU
		Release|Any CPU = Release|Any CPU
	EndGlobalSection
	GlobalSection(ProjectConfigurationPlatforms) = postSolution
		{23158772-325C-4761-A136-25D6510C7181}.Debug|Any CPU.ActiveCfg = Debug|Any CPU
		{23158772-325C-4761-A136-25D6510C7181}.Debug|Any CPU.Build.0 = Debug|Any CPU
		{23158772-325C-4761-A136-25D6510C7181}.Release|Any CPU.ActiveCfg = Release|Any CPU
		{23158772-325C-4761-A136-25D6510C7181}.Release|Any CPU.Build.0 = Release|Any CPU
	EndGlobalSection
	GlobalSection(SolutionProperties) = preSolution
		HideSolutionNode = FALSE
	EndGlobalSection
	GlobalSection(ExtensibilityGlobals) = postSolution
		SolutionGuid = {916A4F20-C89A-4EC4-96BE-7256023F5A6B}
	EndGlobalSection
EndGlobal
