
Microsoft Visual Studio Solution File, Format Version 12.00
# Visual Studio Version 17
VisualStudioVersion = 17.11.35312.102
MinimumVisualStudioVersion = 10.0.40219.1
Project("{FAE04EC0-301F-11D3-BF4B-00C04F79EFBC}") = "Bubble Sort Performance Analysis", "Bubble Sort Performance Analysis.csproj", "{BC6C3E3E-1358-40C3-8D6D-7DE04DED65D9}"
EndProject
Global
	GlobalSection(SolutionConfigurationPlatforms) = preSolution
		Debug|Any CPU = Debug|Any CPU
		Release|Any CPU = Release|Any CPU
	EndGlobalSection
	GlobalSection(ProjectConfigurationPlatforms) = postSolution
		{BC6C3E3E-1358-40C3-8D6D-7DE04DED65D9}.Debug|Any CPU.ActiveCfg = Debug|Any CPU
		{BC6C3E3E-1358-40C3-8D6D-7DE04DED65D9}.Debug|Any CPU.Build.0 = Debug|Any CPU
		{BC6C3E3E-1358-40C3-8D6D-7DE04DED65D9}.Release|Any CPU.ActiveCfg = Release|Any CPU
		{BC6C3E3E-1358-40C3-8D6D-7DE04DED65D9}.Release|Any CPU.Build.0 = Release|Any CPU
	EndGlobalSection
	GlobalSection(SolutionProperties) = preSolution
		HideSolutionNode = FALSE
	EndGlobalSection
	GlobalSection(ExtensibilityGlobals) = postSolution
		SolutionGuid = {E9EA57C1-6F9A-48DA-91A4-164F076CD3AC}
	EndGlobalSection
EndGlobal
